// !$*UTF8*$!
{
	archiveVersion = 1;
	classes = {
	};
	objectVersion = 56;
	objects = {

/* Begin PBXBuildFile section */
		4B050C232C1AFC1C008846CE /* SwiftUIGradient.swift in Sources */ = {isa = PBXBuildFile; fileRef = 4B050C222C1AFC1C008846CE /* SwiftUIGradient.swift */; };
		4B15016B2CDAA6670045976F /* SwiftUIColorPicker.swift in Sources */ = {isa = PBXBuildFile; fileRef = 4B15016A2CDAA6670045976F /* SwiftUIColorPicker.swift */; };
		4B16C4D82C400EDC00C00DF2 /* SwiftUIBackground.swift in Sources */ = {isa = PBXBuildFile; fileRef = 4B16C4D72C400EDC00C00DF2 /* SwiftUIBackground.swift */; };
		4B16C4DA2C401F2C00C00DF2 /* SwiftUIOverlay.swift in Sources */ = {isa = PBXBuildFile; fileRef = 4B16C4D92C401F2C00C00DF2 /* SwiftUIOverlay.swift */; };
		4B251B8D2C85E6270088B8F6 /* SwiftUILazyHGrid.swift in Sources */ = {isa = PBXBuildFile; fileRef = 4B251B8C2C85E6270088B8F6 /* SwiftUILazyHGrid.swift */; };
		4B3148542C7C86CD00DC703F /* SwiftUIScrollView.swift in Sources */ = {isa = PBXBuildFile; fileRef = 4B3148532C7C86CD00DC703F /* SwiftUIScrollView.swift */; };
		4B34C8F52C6D312200AA323A /* SwiftUIFocusState.swift in Sources */ = {isa = PBXBuildFile; fileRef = 4B34C8F42C6D312100AA323A /* SwiftUIFocusState.swift */; };
		4B3986622C8CD05F0071B532 /* SwiftUIToggle.swift in Sources */ = {isa = PBXBuildFile; fileRef = 4B3986612C8CD05F0071B532 /* SwiftUIToggle.swift */; };
		4B3BF7252C10E2800043A56D /* SwiftUIEllipse.swift in Sources */ = {isa = PBXBuildFile; fileRef = 4B3BF7242C10E2800043A56D /* SwiftUIEllipse.swift */; };
		4B40288F2CCBFD8E00696FBA /* SwiftUIPicker.swift in Sources */ = {isa = PBXBuildFile; fileRef = 4B40288E2CCBFD8E00696FBA /* SwiftUIPicker.swift */; };
		4B43D53E2C0F9E7B0017E66B /* SwiftUICircle.swift in Sources */ = {isa = PBXBuildFile; fileRef = 4B43D53D2C0F9E7B0017E66B /* SwiftUICircle.swift */; };
		4B48FF622C5AC41000AD4302 /* SwiftUIExtractViews.swift in Sources */ = {isa = PBXBuildFile; fileRef = 4B48FF612C5AC41000AD4302 /* SwiftUIExtractViews.swift */; };
		4B66F1822C95C2CD008F56F0 /* SwiftUITapGesture.swift in Sources */ = {isa = PBXBuildFile; fileRef = 4B66F1812C95C2CD008F56F0 /* SwiftUITapGesture.swift */; };
		4B694B422C32BFEA00696225 /* SwiftUIAsyncImage.swift in Sources */ = {isa = PBXBuildFile; fileRef = 4B694B412C32BFEA00696225 /* SwiftUIAsyncImage.swift */; };
		4B6D5F482C5D355B006EB73A /* SwiftUIBinding.swift in Sources */ = {isa = PBXBuildFile; fileRef = 4B6D5F472C5D355A006EB73A /* SwiftUIBinding.swift */; };
		4B6E50F22C398734004B7873 /* SwiftUIVStack.swift in Sources */ = {isa = PBXBuildFile; fileRef = 4B6E50F12C398734004B7873 /* SwiftUIVStack.swift */; };
		4B6EDC562C942ADE005D79BF /* SwiftUIStepper.swift in Sources */ = {isa = PBXBuildFile; fileRef = 4B6EDC552C942ADE005D79BF /* SwiftUIStepper.swift */; };
		4B6F8C902C553C310092AD24 /* SwiftUIState.swift in Sources */ = {isa = PBXBuildFile; fileRef = 4B6F8C8F2C553C310092AD24 /* SwiftUIState.swift */; };
		4B70BA042C9600090080BAAD /* SwiftUILabel.swift in Sources */ = {isa = PBXBuildFile; fileRef = 4B70BA032C9600090080BAAD /* SwiftUILabel.swift */; };
		4B7391162C3AFA5E00E04D25 /* SwiftUIHStack.swift in Sources */ = {isa = PBXBuildFile; fileRef = 4B7391152C3AFA5E00E04D25 /* SwiftUIHStack.swift */; };
		4B7FC6CA2CA089CD00578B44 /* SwiftUINavigationStack.swift in Sources */ = {isa = PBXBuildFile; fileRef = 4B7FC6C92CA089CD00578B44 /* SwiftUINavigationStack.swift */; };
		4B82180F2C42C664000D2516 /* SwiftUIFrame.swift in Sources */ = {isa = PBXBuildFile; fileRef = 4B82180E2C42C664000D2516 /* SwiftUIFrame.swift */; };
		4B87CFAF2C3D85BD001234B1 /* SwiftUIZStack.swift in Sources */ = {isa = PBXBuildFile; fileRef = 4B87CFAE2C3D85BD001234B1 /* SwiftUIZStack.swift */; };
		4B8918202C26F2B400D3D949 /* SwiftUIImage.swift in Sources */ = {isa = PBXBuildFile; fileRef = 4B89181F2C26F2B400D3D949 /* SwiftUIImage.swift */; };
		4B89760C2C64FF0E006FF25F /* SwiftUITextField.swift in Sources */ = {isa = PBXBuildFile; fileRef = 4B89760B2C64FF0E006FF25F /* SwiftUITextField.swift */; };
		4B8EC6B32C88546B00A3E1AB /* SwiftUIGrid.swift in Sources */ = {isa = PBXBuildFile; fileRef = 4B8EC6B22C88546B00A3E1AB /* SwiftUIGrid.swift */; };
		4B8F31F22C4C5BDF00C4855B /* SwiftUIButton.swift in Sources */ = {isa = PBXBuildFile; fileRef = 4B8F31F12C4C5BDF00C4855B /* SwiftUIButton.swift */; };
		4B9B14D32CDF8598000CF3CD /* SwiftUIGroup.swift in Sources */ = {isa = PBXBuildFile; fileRef = 4B9B14D22CDF8598000CF3CD /* SwiftUIGroup.swift */; };
		4B9DD6972C946DD100BE3278 /* SwiftUISlider.swift in Sources */ = {isa = PBXBuildFile; fileRef = 4B9DD6962C946DD100BE3278 /* SwiftUISlider.swift */; };
		4BA0708E2C45647A003CA7FD /* SwiftUISafeArea.swift in Sources */ = {isa = PBXBuildFile; fileRef = 4BA0708D2C45647A003CA7FD /* SwiftUISafeArea.swift */; };
		4BAD2DE32C95869800E00AFB /* SwiftUITextSelection.swift in Sources */ = {isa = PBXBuildFile; fileRef = 4BAD2DE22C95869800E00AFB /* SwiftUITextSelection.swift */; };
		4BBCEF232C7A33A300546163 /* SwiftUIForEach.swift in Sources */ = {isa = PBXBuildFile; fileRef = 4BBCEF222C7A33A300546163 /* SwiftUIForEach.swift */; };
		4BBEAB042C835E49008C8571 /* SwiftUILazyVGrid.swift in Sources */ = {isa = PBXBuildFile; fileRef = 4BBEAB032C835E49008C8571 /* SwiftUILazyVGrid.swift */; };
		4BC5C6312C67DF93003A2DA1 /* SwiftUIOnAppear.swift in Sources */ = {isa = PBXBuildFile; fileRef = 4BC5C6302C67DF93003A2DA1 /* SwiftUIOnAppear.swift */; };
		4BC5C6332C67E559003A2DA1 /* SwiftUIOnSubmit.swift in Sources */ = {isa = PBXBuildFile; fileRef = 4BC5C6322C67E559003A2DA1 /* SwiftUIOnSubmit.swift */; };
		4BCFBE6E2C075E3B00290B02 /* SwiftUIForBeginnersApp.swift in Sources */ = {isa = PBXBuildFile; fileRef = 4BCFBE6D2C075E3B00290B02 /* SwiftUIForBeginnersApp.swift */; };
		4BCFBE702C075E3B00290B02 /* ContentView.swift in Sources */ = {isa = PBXBuildFile; fileRef = 4BCFBE6F2C075E3B00290B02 /* ContentView.swift */; };
		4BCFBE722C075E4000290B02 /* Assets.xcassets in Resources */ = {isa = PBXBuildFile; fileRef = 4BCFBE712C075E4000290B02 /* Assets.xcassets */; };
		4BCFBE752C075E4000290B02 /* Preview Assets.xcassets in Resources */ = {isa = PBXBuildFile; fileRef = 4BCFBE742C075E4000290B02 /* Preview Assets.xcassets */; };
		4BCFBE7E2C076F8200290B02 /* SwiftUIText.swift in Sources */ = {isa = PBXBuildFile; fileRef = 4BCFBE7D2C076F8200290B02 /* SwiftUIText.swift */; };
		4BD255922C7F75D200B20E60 /* SwiftUILazyStack.swift in Sources */ = {isa = PBXBuildFile; fileRef = 4BD255912C7F75D200B20E60 /* SwiftUILazyStack.swift */; };
		4BD338562CDCBA930005E5F4 /* SwiftUIForm.swift in Sources */ = {isa = PBXBuildFile; fileRef = 4BD338552CDCBA930005E5F4 /* SwiftUIForm.swift */; };
		4BD7488E2C452968003B3FB1 /* SwiftUIPadding.swift in Sources */ = {isa = PBXBuildFile; fileRef = 4BD7488D2C452968003B3FB1 /* SwiftUIPadding.swift */; };
		4BD76B282C134EE30011D177 /* SwiftUIRectangle.swift in Sources */ = {isa = PBXBuildFile; fileRef = 4BD76B272C134EE30011D177 /* SwiftUIRectangle.swift */; };
		4BD76B2A2C1353920011D177 /* SwiftUICapsule.swift in Sources */ = {isa = PBXBuildFile; fileRef = 4BD76B292C1353920011D177 /* SwiftUICapsule.swift */; };
		4BDAF8422C19E34700114A8E /* SwiftUIColors.swift in Sources */ = {isa = PBXBuildFile; fileRef = 4BDAF8412C19E34700114A8E /* SwiftUIColors.swift */; };
		4BDD2C182CAAE4AB00A694E2 /* SwiftUIToolbar.swift in Sources */ = {isa = PBXBuildFile; fileRef = 4BDD2C172CAAE4AB00A694E2 /* SwiftUIToolbar.swift */; };
		4BDEC45A2C9AE40700560D00 /* SwiftUILink.swift in Sources */ = {isa = PBXBuildFile; fileRef = 4BDEC4592C9AE40700560D00 /* SwiftUILink.swift */; };
		4BE416902CBAE8DD0012E8D8 /* SwiftUITabView.swift in Sources */ = {isa = PBXBuildFile; fileRef = 4BE4168F2CBAE8DD0012E8D8 /* SwiftUITabView.swift */; };
		4BE6E2672CD8AB5D0033882B /* SwiftUIDatePicker.swift in Sources */ = {isa = PBXBuildFile; fileRef = 4BE6E2662CD8AB5D0033882B /* SwiftUIDatePicker.swift */; };
		4BF60F572CB44CC400F25205 /* SwiftUIList.swift in Sources */ = {isa = PBXBuildFile; fileRef = 4BF60F562CB44CC400F25205 /* SwiftUIList.swift */; };
		4BF60F8D2CB4679F00F25205 /* SwiftUIDisclosureGroupList.swift in Sources */ = {isa = PBXBuildFile; fileRef = 4BF60F8C2CB4679F00F25205 /* SwiftUIDisclosureGroupList.swift */; };
		4BF60F8F2CB46C6000F25205 /* SwiftUIListChildren.swift in Sources */ = {isa = PBXBuildFile; fileRef = 4BF60F8E2CB46C6000F25205 /* SwiftUIListChildren.swift */; };
		4BF60F912CB475CE00F25205 /* SwiftUIListAction.swift in Sources */ = {isa = PBXBuildFile; fileRef = 4BF60F902CB475CE00F25205 /* SwiftUIListAction.swift */; };
		4BF60F952CB4812500F25205 /* SwiftUIListSelection.swift in Sources */ = {isa = PBXBuildFile; fileRef = 4BF60F942CB4812500F25205 /* SwiftUIListSelection.swift */; };
		4BF60F992CB4860300F25205 /* SwiftUIListStyle.swift in Sources */ = {isa = PBXBuildFile; fileRef = 4BF60F982CB4860300F25205 /* SwiftUIListStyle.swift */; };
		4BF60F9B2CB488A900F25205 /* SwiftUIListCustomization.swift in Sources */ = {isa = PBXBuildFile; fileRef = 4BF60F9A2CB488A900F25205 /* SwiftUIListCustomization.swift */; };
		4BF91F772CE8BF68004DD186 /* SwiftUIControlGroup.swift in Sources */ = {isa = PBXBuildFile; fileRef = 4BF91F762CE8BF68004DD186 /* SwiftUIControlGroup.swift */; };
		4BFDDCD62CC3DE6D00D6B87F /* SwiftUIBadges.swift in Sources */ = {isa = PBXBuildFile; fileRef = 4BFDDCD52CC3DE6D00D6B87F /* SwiftUIBadges.swift */; };
		4BFE56242CBAF63B009ED42F /* OnboardingModel.swift in Sources */ = {isa = PBXBuildFile; fileRef = 4BFE56232CBAF63B009ED42F /* OnboardingModel.swift */; };
		4BFE56262CBAF68C009ED42F /* SwiftUIOnboardingView.swift in Sources */ = {isa = PBXBuildFile; fileRef = 4BFE56252CBAF68C009ED42F /* SwiftUIOnboardingView.swift */; };
		4BFE56282CBAF8BE009ED42F /* SwiftUIViewOnboardingPage.swift in Sources */ = {isa = PBXBuildFile; fileRef = 4BFE56272CBAF8BE009ED42F /* SwiftUIViewOnboardingPage.swift */; };
/* End PBXBuildFile section */

/* Begin PBXFileReference section */
		4B050C222C1AFC1C008846CE /* SwiftUIGradient.swift */ = {isa = PBXFileReference; lastKnownFileType = sourcecode.swift; path = SwiftUIGradient.swift; sourceTree = "<group>"; };
		4B15016A2CDAA6670045976F /* SwiftUIColorPicker.swift */ = {isa = PBXFileReference; lastKnownFileType = sourcecode.swift; path = SwiftUIColorPicker.swift; sourceTree = "<group>"; };
		4B16C4D72C400EDC00C00DF2 /* SwiftUIBackground.swift */ = {isa = PBXFileReference; lastKnownFileType = sourcecode.swift; path = SwiftUIBackground.swift; sourceTree = "<group>"; };
		4B16C4D92C401F2C00C00DF2 /* SwiftUIOverlay.swift */ = {isa = PBXFileReference; lastKnownFileType = sourcecode.swift; path = SwiftUIOverlay.swift; sourceTree = "<group>"; };
		4B251B8C2C85E6270088B8F6 /* SwiftUILazyHGrid.swift */ = {isa = PBXFileReference; lastKnownFileType = sourcecode.swift; path = SwiftUILazyHGrid.swift; sourceTree = "<group>"; };
		4B3148532C7C86CD00DC703F /* SwiftUIScrollView.swift */ = {isa = PBXFileReference; lastKnownFileType = sourcecode.swift; path = SwiftUIScrollView.swift; sourceTree = "<group>"; };
		4B34C8F42C6D312100AA323A /* SwiftUIFocusState.swift */ = {isa = PBXFileReference; lastKnownFileType = sourcecode.swift; path = SwiftUIFocusState.swift; sourceTree = "<group>"; };
		4B3986612C8CD05F0071B532 /* SwiftUIToggle.swift */ = {isa = PBXFileReference; lastKnownFileType = sourcecode.swift; path = SwiftUIToggle.swift; sourceTree = "<group>"; };
		4B3BF7242C10E2800043A56D /* SwiftUIEllipse.swift */ = {isa = PBXFileReference; lastKnownFileType = sourcecode.swift; path = SwiftUIEllipse.swift; sourceTree = "<group>"; };
		4B40288E2CCBFD8E00696FBA /* SwiftUIPicker.swift */ = {isa = PBXFileReference; lastKnownFileType = sourcecode.swift; path = SwiftUIPicker.swift; sourceTree = "<group>"; };
		4B43D53D2C0F9E7B0017E66B /* SwiftUICircle.swift */ = {isa = PBXFileReference; lastKnownFileType = sourcecode.swift; path = SwiftUICircle.swift; sourceTree = "<group>"; };
		4B48FF612C5AC41000AD4302 /* SwiftUIExtractViews.swift */ = {isa = PBXFileReference; lastKnownFileType = sourcecode.swift; path = SwiftUIExtractViews.swift; sourceTree = "<group>"; };
		4B66F1812C95C2CD008F56F0 /* SwiftUITapGesture.swift */ = {isa = PBXFileReference; lastKnownFileType = sourcecode.swift; path = SwiftUITapGesture.swift; sourceTree = "<group>"; };
		4B694B412C32BFEA00696225 /* SwiftUIAsyncImage.swift */ = {isa = PBXFileReference; lastKnownFileType = sourcecode.swift; path = SwiftUIAsyncImage.swift; sourceTree = "<group>"; };
		4B6D5F472C5D355A006EB73A /* SwiftUIBinding.swift */ = {isa = PBXFileReference; lastKnownFileType = sourcecode.swift; path = SwiftUIBinding.swift; sourceTree = "<group>"; };
		4B6E50F12C398734004B7873 /* SwiftUIVStack.swift */ = {isa = PBXFileReference; lastKnownFileType = sourcecode.swift; path = SwiftUIVStack.swift; sourceTree = "<group>"; };
		4B6EDC552C942ADE005D79BF /* SwiftUIStepper.swift */ = {isa = PBXFileReference; lastKnownFileType = sourcecode.swift; path = SwiftUIStepper.swift; sourceTree = "<group>"; };
		4B6F8C8F2C553C310092AD24 /* SwiftUIState.swift */ = {isa = PBXFileReference; lastKnownFileType = sourcecode.swift; path = SwiftUIState.swift; sourceTree = "<group>"; };
		4B70BA032C9600090080BAAD /* SwiftUILabel.swift */ = {isa = PBXFileReference; lastKnownFileType = sourcecode.swift; path = SwiftUILabel.swift; sourceTree = "<group>"; };
		4B7391152C3AFA5E00E04D25 /* SwiftUIHStack.swift */ = {isa = PBXFileReference; lastKnownFileType = sourcecode.swift; path = SwiftUIHStack.swift; sourceTree = "<group>"; };
		4B7FC6C92CA089CD00578B44 /* SwiftUINavigationStack.swift */ = {isa = PBXFileReference; lastKnownFileType = sourcecode.swift; path = SwiftUINavigationStack.swift; sourceTree = "<group>"; };
		4B82180E2C42C664000D2516 /* SwiftUIFrame.swift */ = {isa = PBXFileReference; lastKnownFileType = sourcecode.swift; path = SwiftUIFrame.swift; sourceTree = "<group>"; };
		4B87CFAE2C3D85BD001234B1 /* SwiftUIZStack.swift */ = {isa = PBXFileReference; lastKnownFileType = sourcecode.swift; path = SwiftUIZStack.swift; sourceTree = "<group>"; };
		4B89181F2C26F2B400D3D949 /* SwiftUIImage.swift */ = {isa = PBXFileReference; lastKnownFileType = sourcecode.swift; path = SwiftUIImage.swift; sourceTree = "<group>"; };
		4B89760B2C64FF0E006FF25F /* SwiftUITextField.swift */ = {isa = PBXFileReference; lastKnownFileType = sourcecode.swift; path = SwiftUITextField.swift; sourceTree = "<group>"; };
		4B8EC6B22C88546B00A3E1AB /* SwiftUIGrid.swift */ = {isa = PBXFileReference; lastKnownFileType = sourcecode.swift; path = SwiftUIGrid.swift; sourceTree = "<group>"; };
		4B8F31F12C4C5BDF00C4855B /* SwiftUIButton.swift */ = {isa = PBXFileReference; lastKnownFileType = sourcecode.swift; path = SwiftUIButton.swift; sourceTree = "<group>"; };
		4B9B14D22CDF8598000CF3CD /* SwiftUIGroup.swift */ = {isa = PBXFileReference; lastKnownFileType = sourcecode.swift; path = SwiftUIGroup.swift; sourceTree = "<group>"; };
		4B9DD6962C946DD100BE3278 /* SwiftUISlider.swift */ = {isa = PBXFileReference; lastKnownFileType = sourcecode.swift; path = SwiftUISlider.swift; sourceTree = "<group>"; };
		4BA0708D2C45647A003CA7FD /* SwiftUISafeArea.swift */ = {isa = PBXFileReference; lastKnownFileType = sourcecode.swift; path = SwiftUISafeArea.swift; sourceTree = "<group>"; };
		4BAD2DE22C95869800E00AFB /* SwiftUITextSelection.swift */ = {isa = PBXFileReference; lastKnownFileType = sourcecode.swift; path = SwiftUITextSelection.swift; sourceTree = "<group>"; };
		4BBCEF222C7A33A300546163 /* SwiftUIForEach.swift */ = {isa = PBXFileReference; lastKnownFileType = sourcecode.swift; path = SwiftUIForEach.swift; sourceTree = "<group>"; };
		4BBEAB032C835E49008C8571 /* SwiftUILazyVGrid.swift */ = {isa = PBXFileReference; lastKnownFileType = sourcecode.swift; path = SwiftUILazyVGrid.swift; sourceTree = "<group>"; };
		4BC5C6302C67DF93003A2DA1 /* SwiftUIOnAppear.swift */ = {isa = PBXFileReference; lastKnownFileType = sourcecode.swift; path = SwiftUIOnAppear.swift; sourceTree = "<group>"; };
		4BC5C6322C67E559003A2DA1 /* SwiftUIOnSubmit.swift */ = {isa = PBXFileReference; lastKnownFileType = sourcecode.swift; path = SwiftUIOnSubmit.swift; sourceTree = "<group>"; };
		4BCFBE6A2C075E3B00290B02 /* SwiftUIForBeginners.app */ = {isa = PBXFileReference; explicitFileType = wrapper.application; includeInIndex = 0; path = SwiftUIForBeginners.app; sourceTree = BUILT_PRODUCTS_DIR; };
		4BCFBE6D2C075E3B00290B02 /* SwiftUIForBeginnersApp.swift */ = {isa = PBXFileReference; lastKnownFileType = sourcecode.swift; path = SwiftUIForBeginnersApp.swift; sourceTree = "<group>"; };
		4BCFBE6F2C075E3B00290B02 /* ContentView.swift */ = {isa = PBXFileReference; lastKnownFileType = sourcecode.swift; path = ContentView.swift; sourceTree = "<group>"; };
		4BCFBE712C075E4000290B02 /* Assets.xcassets */ = {isa = PBXFileReference; lastKnownFileType = folder.assetcatalog; path = Assets.xcassets; sourceTree = "<group>"; };
		4BCFBE742C075E4000290B02 /* Preview Assets.xcassets */ = {isa = PBXFileReference; lastKnownFileType = folder.assetcatalog; path = "Preview Assets.xcassets"; sourceTree = "<group>"; };
		4BCFBE7D2C076F8200290B02 /* SwiftUIText.swift */ = {isa = PBXFileReference; lastKnownFileType = sourcecode.swift; path = SwiftUIText.swift; sourceTree = "<group>"; };
		4BD255912C7F75D200B20E60 /* SwiftUILazyStack.swift */ = {isa = PBXFileReference; lastKnownFileType = sourcecode.swift; path = SwiftUILazyStack.swift; sourceTree = "<group>"; };
		4BD338552CDCBA930005E5F4 /* SwiftUIForm.swift */ = {isa = PBXFileReference; lastKnownFileType = sourcecode.swift; path = SwiftUIForm.swift; sourceTree = "<group>"; };
		4BD7488D2C452968003B3FB1 /* SwiftUIPadding.swift */ = {isa = PBXFileReference; lastKnownFileType = sourcecode.swift; path = SwiftUIPadding.swift; sourceTree = "<group>"; };
		4BD76B272C134EE30011D177 /* SwiftUIRectangle.swift */ = {isa = PBXFileReference; lastKnownFileType = sourcecode.swift; path = SwiftUIRectangle.swift; sourceTree = "<group>"; };
		4BD76B292C1353920011D177 /* SwiftUICapsule.swift */ = {isa = PBXFileReference; lastKnownFileType = sourcecode.swift; path = SwiftUICapsule.swift; sourceTree = "<group>"; };
		4BDAF8412C19E34700114A8E /* SwiftUIColors.swift */ = {isa = PBXFileReference; lastKnownFileType = sourcecode.swift; path = SwiftUIColors.swift; sourceTree = "<group>"; };
		4BDD2C172CAAE4AB00A694E2 /* SwiftUIToolbar.swift */ = {isa = PBXFileReference; lastKnownFileType = sourcecode.swift; path = SwiftUIToolbar.swift; sourceTree = "<group>"; };
		4BDEC4592C9AE40700560D00 /* SwiftUILink.swift */ = {isa = PBXFileReference; lastKnownFileType = sourcecode.swift; path = SwiftUILink.swift; sourceTree = "<group>"; };
		4BE4168F2CBAE8DD0012E8D8 /* SwiftUITabView.swift */ = {isa = PBXFileReference; lastKnownFileType = sourcecode.swift; path = SwiftUITabView.swift; sourceTree = "<group>"; };
		4BE6E2662CD8AB5D0033882B /* SwiftUIDatePicker.swift */ = {isa = PBXFileReference; lastKnownFileType = sourcecode.swift; path = SwiftUIDatePicker.swift; sourceTree = "<group>"; };
		4BF60F562CB44CC400F25205 /* SwiftUIList.swift */ = {isa = PBXFileReference; lastKnownFileType = sourcecode.swift; path = SwiftUIList.swift; sourceTree = "<group>"; };
		4BF60F8C2CB4679F00F25205 /* SwiftUIDisclosureGroupList.swift */ = {isa = PBXFileReference; lastKnownFileType = sourcecode.swift; path = SwiftUIDisclosureGroupList.swift; sourceTree = "<group>"; };
		4BF60F8E2CB46C6000F25205 /* SwiftUIListChildren.swift */ = {isa = PBXFileReference; lastKnownFileType = sourcecode.swift; path = SwiftUIListChildren.swift; sourceTree = "<group>"; };
		4BF60F902CB475CE00F25205 /* SwiftUIListAction.swift */ = {isa = PBXFileReference; lastKnownFileType = sourcecode.swift; path = SwiftUIListAction.swift; sourceTree = "<group>"; };
		4BF60F942CB4812500F25205 /* SwiftUIListSelection.swift */ = {isa = PBXFileReference; lastKnownFileType = sourcecode.swift; path = SwiftUIListSelection.swift; sourceTree = "<group>"; };
		4BF60F982CB4860300F25205 /* SwiftUIListStyle.swift */ = {isa = PBXFileReference; lastKnownFileType = sourcecode.swift; path = SwiftUIListStyle.swift; sourceTree = "<group>"; };
		4BF60F9A2CB488A900F25205 /* SwiftUIListCustomization.swift */ = {isa = PBXFileReference; lastKnownFileType = sourcecode.swift; path = SwiftUIListCustomization.swift; sourceTree = "<group>"; };
		4BF91F762CE8BF68004DD186 /* SwiftUIControlGroup.swift */ = {isa = PBXFileReference; lastKnownFileType = sourcecode.swift; path = SwiftUIControlGroup.swift; sourceTree = "<group>"; };
		4BFDDCD52CC3DE6D00D6B87F /* SwiftUIBadges.swift */ = {isa = PBXFileReference; lastKnownFileType = sourcecode.swift; path = SwiftUIBadges.swift; sourceTree = "<group>"; };
		4BFE56232CBAF63B009ED42F /* OnboardingModel.swift */ = {isa = PBXFileReference; lastKnownFileType = sourcecode.swift; path = OnboardingModel.swift; sourceTree = "<group>"; };
		4BFE56252CBAF68C009ED42F /* SwiftUIOnboardingView.swift */ = {isa = PBXFileReference; lastKnownFileType = sourcecode.swift; path = SwiftUIOnboardingView.swift; sourceTree = "<group>"; };
		4BFE56272CBAF8BE009ED42F /* SwiftUIViewOnboardingPage.swift */ = {isa = PBXFileReference; lastKnownFileType = sourcecode.swift; path = SwiftUIViewOnboardingPage.swift; sourceTree = "<group>"; };
/* End PBXFileReference section */

/* Begin PBXFrameworksBuildPhase section */
		4BCFBE672C075E3B00290B02 /* Frameworks */ = {
			isa = PBXFrameworksBuildPhase;
			buildActionMask = 2147483647;
			files = (
			);
			runOnlyForDeploymentPostprocessing = 0;
		};
/* End PBXFrameworksBuildPhase section */

/* Begin PBXGroup section */
		4BCFBE612C075E3B00290B02 = {
			isa = PBXGroup;
			children = (
				4BCFBE6C2C075E3B00290B02 /* SwiftUIForBeginners */,
				4BCFBE6B2C075E3B00290B02 /* Products */,
			);
			sourceTree = "<group>";
		};
		4BCFBE6B2C075E3B00290B02 /* Products */ = {
			isa = PBXGroup;
			children = (
				4BCFBE6A2C075E3B00290B02 /* SwiftUIForBeginners.app */,
			);
			name = Products;
			sourceTree = "<group>";
		};
		4BCFBE6C2C075E3B00290B02 /* SwiftUIForBeginners */ = {
			isa = PBXGroup;
			children = (
				4BCFBE6D2C075E3B00290B02 /* SwiftUIForBeginnersApp.swift */,
				4BCFBE6F2C075E3B00290B02 /* ContentView.swift */,
				4BCFBE7D2C076F8200290B02 /* SwiftUIText.swift */,
				4B43D53D2C0F9E7B0017E66B /* SwiftUICircle.swift */,
				4B3BF7242C10E2800043A56D /* SwiftUIEllipse.swift */,
				4BD76B272C134EE30011D177 /* SwiftUIRectangle.swift */,
				4BD76B292C1353920011D177 /* SwiftUICapsule.swift */,
				4BDAF8412C19E34700114A8E /* SwiftUIColors.swift */,
				4B050C222C1AFC1C008846CE /* SwiftUIGradient.swift */,
				4B89181F2C26F2B400D3D949 /* SwiftUIImage.swift */,
				4B694B412C32BFEA00696225 /* SwiftUIAsyncImage.swift */,
				4B6E50F12C398734004B7873 /* SwiftUIVStack.swift */,
				4B7391152C3AFA5E00E04D25 /* SwiftUIHStack.swift */,
				4B87CFAE2C3D85BD001234B1 /* SwiftUIZStack.swift */,
				4B16C4D72C400EDC00C00DF2 /* SwiftUIBackground.swift */,
				4B16C4D92C401F2C00C00DF2 /* SwiftUIOverlay.swift */,
				4B82180E2C42C664000D2516 /* SwiftUIFrame.swift */,
				4BD7488D2C452968003B3FB1 /* SwiftUIPadding.swift */,
				4BA0708D2C45647A003CA7FD /* SwiftUISafeArea.swift */,
				4B8F31F12C4C5BDF00C4855B /* SwiftUIButton.swift */,
				4B6F8C8F2C553C310092AD24 /* SwiftUIState.swift */,
				4B48FF612C5AC41000AD4302 /* SwiftUIExtractViews.swift */,
				4B6D5F472C5D355A006EB73A /* SwiftUIBinding.swift */,
				4B89760B2C64FF0E006FF25F /* SwiftUITextField.swift */,
				4BC5C6302C67DF93003A2DA1 /* SwiftUIOnAppear.swift */,
				4BC5C6322C67E559003A2DA1 /* SwiftUIOnSubmit.swift */,
				4B34C8F42C6D312100AA323A /* SwiftUIFocusState.swift */,
				4BBCEF222C7A33A300546163 /* SwiftUIForEach.swift */,
				4B3148532C7C86CD00DC703F /* SwiftUIScrollView.swift */,
				4BD255912C7F75D200B20E60 /* SwiftUILazyStack.swift */,
				4BBEAB032C835E49008C8571 /* SwiftUILazyVGrid.swift */,
				4B251B8C2C85E6270088B8F6 /* SwiftUILazyHGrid.swift */,
				4B8EC6B22C88546B00A3E1AB /* SwiftUIGrid.swift */,
				4B3986612C8CD05F0071B532 /* SwiftUIToggle.swift */,
				4B6EDC552C942ADE005D79BF /* SwiftUIStepper.swift */,
				4B9DD6962C946DD100BE3278 /* SwiftUISlider.swift */,
				4BAD2DE22C95869800E00AFB /* SwiftUITextSelection.swift */,
				4B66F1812C95C2CD008F56F0 /* SwiftUITapGesture.swift */,
				4B70BA032C9600090080BAAD /* SwiftUILabel.swift */,
				4BDEC4592C9AE40700560D00 /* SwiftUILink.swift */,
				4B7FC6C92CA089CD00578B44 /* SwiftUINavigationStack.swift */,
				4BDD2C172CAAE4AB00A694E2 /* SwiftUIToolbar.swift */,
				4BF60F552CB44CB000F25205 /* List */,
				4BE4168F2CBAE8DD0012E8D8 /* SwiftUITabView.swift */,
				4BFE56222CBAF607009ED42F /* OnboardingView */,
				4BFDDCD52CC3DE6D00D6B87F /* SwiftUIBadges.swift */,
				4B40288E2CCBFD8E00696FBA /* SwiftUIPicker.swift */,
				4BE6E2662CD8AB5D0033882B /* SwiftUIDatePicker.swift */,
				4B15016A2CDAA6670045976F /* SwiftUIColorPicker.swift */,
				4BD338552CDCBA930005E5F4 /* SwiftUIForm.swift */,
				4B9B14D22CDF8598000CF3CD /* SwiftUIGroup.swift */,
				4BF91F762CE8BF68004DD186 /* SwiftUIControlGroup.swift */,
				4BCFBE712C075E4000290B02 /* Assets.xcassets */,
				4BCFBE732C075E4000290B02 /* Preview Content */,
			);
			path = SwiftUIForBeginners;
			sourceTree = "<group>";
		};
		4BCFBE732C075E4000290B02 /* Preview Content */ = {
			isa = PBXGroup;
			children = (
				4BCFBE742C075E4000290B02 /* Preview Assets.xcassets */,
			);
			path = "Preview Content";
			sourceTree = "<group>";
		};
		4BF60F552CB44CB000F25205 /* List */ = {
			isa = PBXGroup;
			children = (
				4BF60F562CB44CC400F25205 /* SwiftUIList.swift */,
				4BF60F8C2CB4679F00F25205 /* SwiftUIDisclosureGroupList.swift */,
				4BF60F8E2CB46C6000F25205 /* SwiftUIListChildren.swift */,
				4BF60F902CB475CE00F25205 /* SwiftUIListAction.swift */,
				4BF60F942CB4812500F25205 /* SwiftUIListSelection.swift */,
				4BF60F982CB4860300F25205 /* SwiftUIListStyle.swift */,
				4BF60F9A2CB488A900F25205 /* SwiftUIListCustomization.swift */,
			);
			path = List;
			sourceTree = "<group>";
		};
		4BFE56222CBAF607009ED42F /* OnboardingView */ = {
			isa = PBXGroup;
			children = (
				4BFE56232CBAF63B009ED42F /* OnboardingModel.swift */,
				4BFE56252CBAF68C009ED42F /* SwiftUIOnboardingView.swift */,
				4BFE56272CBAF8BE009ED42F /* SwiftUIViewOnboardingPage.swift */,
			);
			path = OnboardingView;
			sourceTree = "<group>";
		};
/* End PBXGroup section */

/* Begin PBXNativeTarget section */
		4BCFBE692C075E3B00290B02 /* SwiftUIForBeginners */ = {
			isa = PBXNativeTarget;
			buildConfigurationList = 4BCFBE782C075E4000290B02 /* Build configuration list for PBXNativeTarget "SwiftUIForBeginners" */;
			buildPhases = (
				4BCFBE662C075E3B00290B02 /* Sources */,
				4BCFBE672C075E3B00290B02 /* Frameworks */,
				4BCFBE682C075E3B00290B02 /* Resources */,
			);
			buildRules = (
			);
			dependencies = (
			);
			name = SwiftUIForBeginners;
			productName = SwiftUIForBeginners;
			productReference = 4BCFBE6A2C075E3B00290B02 /* SwiftUIForBeginners.app */;
			productType = "com.apple.product-type.application";
		};
/* End PBXNativeTarget section */

/* Begin PBXProject section */
		4BCFBE622C075E3B00290B02 /* Project object */ = {
			isa = PBXProject;
			attributes = {
				BuildIndependentTargetsInParallel = 1;
				LastSwiftUpdateCheck = 1540;
				LastUpgradeCheck = 1540;
				TargetAttributes = {
					4BCFBE692C075E3B00290B02 = {
						CreatedOnToolsVersion = 15.4;
					};
				};
			};
			buildConfigurationList = 4BCFBE652C075E3B00290B02 /* Build configuration list for PBXProject "SwiftUIForBeginners" */;
			compatibilityVersion = "Xcode 14.0";
			developmentRegion = en;
			hasScannedForEncodings = 0;
			knownRegions = (
				en,
				Base,
			);
			mainGroup = 4BCFBE612C075E3B00290B02;
			productRefGroup = 4BCFBE6B2C075E3B00290B02 /* Products */;
			projectDirPath = "";
			projectRoot = "";
			targets = (
				4BCFBE692C075E3B00290B02 /* SwiftUIForBeginners */,
			);
		};
/* End PBXProject section */

/* Begin PBXResourcesBuildPhase section */
		4BCFBE682C075E3B00290B02 /* Resources */ = {
			isa = PBXResourcesBuildPhase;
			buildActionMask = 2147483647;
			files = (
				4BCFBE752C075E4000290B02 /* Preview Assets.xcassets in Resources */,
				4BCFBE722C075E4000290B02 /* Assets.xcassets in Resources */,
			);
			runOnlyForDeploymentPostprocessing = 0;
		};
/* End PBXResourcesBuildPhase section */

/* Begin PBXSourcesBuildPhase section */
		4BCFBE662C075E3B00290B02 /* Sources */ = {
			isa = PBXSourcesBuildPhase;
			buildActionMask = 2147483647;
			files = (
				4B34C8F52C6D312200AA323A /* SwiftUIFocusState.swift in Sources */,
				4B3148542C7C86CD00DC703F /* SwiftUIScrollView.swift in Sources */,
				4BA0708E2C45647A003CA7FD /* SwiftUISafeArea.swift in Sources */,
				4BC5C6312C67DF93003A2DA1 /* SwiftUIOnAppear.swift in Sources */,
				4B82180F2C42C664000D2516 /* SwiftUIFrame.swift in Sources */,
				4BD338562CDCBA930005E5F4 /* SwiftUIForm.swift in Sources */,
				4BBEAB042C835E49008C8571 /* SwiftUILazyVGrid.swift in Sources */,
				4B16C4D82C400EDC00C00DF2 /* SwiftUIBackground.swift in Sources */,
				4BFDDCD62CC3DE6D00D6B87F /* SwiftUIBadges.swift in Sources */,
				4B694B422C32BFEA00696225 /* SwiftUIAsyncImage.swift in Sources */,
				4B87CFAF2C3D85BD001234B1 /* SwiftUIZStack.swift in Sources */,
				4BF60F992CB4860300F25205 /* SwiftUIListStyle.swift in Sources */,
				4BF60F912CB475CE00F25205 /* SwiftUIListAction.swift in Sources */,
				4BF91F772CE8BF68004DD186 /* SwiftUIControlGroup.swift in Sources */,
				4B8F31F22C4C5BDF00C4855B /* SwiftUIButton.swift in Sources */,
				4B251B8D2C85E6270088B8F6 /* SwiftUILazyHGrid.swift in Sources */,
				4BF60F9B2CB488A900F25205 /* SwiftUIListCustomization.swift in Sources */,
				4BF60F8F2CB46C6000F25205 /* SwiftUIListChildren.swift in Sources */,
				4BCFBE702C075E3B00290B02 /* ContentView.swift in Sources */,
				4B6F8C902C553C310092AD24 /* SwiftUIState.swift in Sources */,
				4BCFBE7E2C076F8200290B02 /* SwiftUIText.swift in Sources */,
				4B3BF7252C10E2800043A56D /* SwiftUIEllipse.swift in Sources */,
				4BDAF8422C19E34700114A8E /* SwiftUIColors.swift in Sources */,
				4B6E50F22C398734004B7873 /* SwiftUIVStack.swift in Sources */,
				4BF60F952CB4812500F25205 /* SwiftUIListSelection.swift in Sources */,
				4BD76B2A2C1353920011D177 /* SwiftUICapsule.swift in Sources */,
				4BFE56262CBAF68C009ED42F /* SwiftUIOnboardingView.swift in Sources */,
				4B89760C2C64FF0E006FF25F /* SwiftUITextField.swift in Sources */,
				4B66F1822C95C2CD008F56F0 /* SwiftUITapGesture.swift in Sources */,
				4BD76B282C134EE30011D177 /* SwiftUIRectangle.swift in Sources */,
				4BDEC45A2C9AE40700560D00 /* SwiftUILink.swift in Sources */,
				4B9DD6972C946DD100BE3278 /* SwiftUISlider.swift in Sources */,
				4BD7488E2C452968003B3FB1 /* SwiftUIPadding.swift in Sources */,
				4BF60F572CB44CC400F25205 /* SwiftUIList.swift in Sources */,
				4B7391162C3AFA5E00E04D25 /* SwiftUIHStack.swift in Sources */,
				4BC5C6332C67E559003A2DA1 /* SwiftUIOnSubmit.swift in Sources */,
				4BFE56242CBAF63B009ED42F /* OnboardingModel.swift in Sources */,
				4BE416902CBAE8DD0012E8D8 /* SwiftUITabView.swift in Sources */,
				4B9B14D32CDF8598000CF3CD /* SwiftUIGroup.swift in Sources */,
				4BFE56282CBAF8BE009ED42F /* SwiftUIViewOnboardingPage.swift in Sources */,
				4B3986622C8CD05F0071B532 /* SwiftUIToggle.swift in Sources */,
				4B40288F2CCBFD8E00696FBA /* SwiftUIPicker.swift in Sources */,
				4B7FC6CA2CA089CD00578B44 /* SwiftUINavigationStack.swift in Sources */,
				4BCFBE6E2C075E3B00290B02 /* SwiftUIForBeginnersApp.swift in Sources */,
				4BE6E2672CD8AB5D0033882B /* SwiftUIDatePicker.swift in Sources */,
				4BD255922C7F75D200B20E60 /* SwiftUILazyStack.swift in Sources */,
				4B6EDC562C942ADE005D79BF /* SwiftUIStepper.swift in Sources */,
				4BF60F8D2CB4679F00F25205 /* SwiftUIDisclosureGroupList.swift in Sources */,
				4B6D5F482C5D355B006EB73A /* SwiftUIBinding.swift in Sources */,
				4B8EC6B32C88546B00A3E1AB /* SwiftUIGrid.swift in Sources */,
				4BDD2C182CAAE4AB00A694E2 /* SwiftUIToolbar.swift in Sources */,
				4BBCEF232C7A33A300546163 /* SwiftUIForEach.swift in Sources */,
				4B16C4DA2C401F2C00C00DF2 /* SwiftUIOverlay.swift in Sources */,
				4B15016B2CDAA6670045976F /* SwiftUIColorPicker.swift in Sources */,
				4B48FF622C5AC41000AD4302 /* SwiftUIExtractViews.swift in Sources */,
				4B70BA042C9600090080BAAD /* SwiftUILabel.swift in Sources */,
				4B43D53E2C0F9E7B0017E66B /* SwiftUICircle.swift in Sources */,
				4B050C232C1AFC1C008846CE /* SwiftUIGradient.swift in Sources */,
				4B8918202C26F2B400D3D949 /* SwiftUIImage.swift in Sources */,
				4BAD2DE32C95869800E00AFB /* SwiftUITextSelection.swift in Sources */,
			);
			runOnlyForDeploymentPostprocessing = 0;
		};
/* End PBXSourcesBuildPhase section */

/* Begin XCBuildConfiguration section */
		4BCFBE762C075E4000290B02 /* Debug */ = {
			isa = XCBuildConfiguration;
			buildSettings = {
				ALWAYS_SEARCH_USER_PATHS = NO;
				ASSETCATALOG_COMPILER_GENERATE_SWIFT_ASSET_SYMBOL_EXTENSIONS = YES;
				CLANG_ANALYZER_NONNULL = YES;
				CLANG_ANALYZER_NUMBER_OBJECT_CONVERSION = YES_AGGRESSIVE;
				CLANG_CXX_LANGUAGE_STANDARD = "gnu++20";
				CLANG_ENABLE_MODULES = YES;
				CLANG_ENABLE_OBJC_ARC = YES;
				CLANG_ENABLE_OBJC_WEAK = YES;
				CLANG_WARN_BLOCK_CAPTURE_AUTORELEASING = YES;
				CLANG_WARN_BOOL_CONVERSION = YES;
				CLANG_WARN_COMMA = YES;
				CLANG_WARN_CONSTANT_CONVERSION = YES;
				CLANG_WARN_DEPRECATED_OBJC_IMPLEMENTATIONS = YES;
				CLANG_WARN_DIRECT_OBJC_ISA_USAGE = YES_ERROR;
				CLANG_WARN_DOCUMENTATION_COMMENTS = YES;
				CLANG_WARN_EMPTY_BODY = YES;
				CLANG_WARN_ENUM_CONVERSION = YES;
				CLANG_WARN_INFINITE_RECURSION = YES;
				CLANG_WARN_INT_CONVERSION = YES;
				CLANG_WARN_NON_LITERAL_NULL_CONVERSION = YES;
				CLANG_WARN_OBJC_IMPLICIT_RETAIN_SELF = YES;
				CLANG_WARN_OBJC_LITERAL_CONVERSION = YES;
				CLANG_WARN_OBJC_ROOT_CLASS = YES_ERROR;
				CLANG_WARN_QUOTED_INCLUDE_IN_FRAMEWORK_HEADER = YES;
				CLANG_WARN_RANGE_LOOP_ANALYSIS = YES;
				CLANG_WARN_STRICT_PROTOTYPES = YES;
				CLANG_WARN_SUSPICIOUS_MOVE = YES;
				CLANG_WARN_UNGUARDED_AVAILABILITY = YES_AGGRESSIVE;
				CLANG_WARN_UNREACHABLE_CODE = YES;
				CLANG_WARN__DUPLICATE_METHOD_MATCH = YES;
				COPY_PHASE_STRIP = NO;
				DEBUG_INFORMATION_FORMAT = dwarf;
				ENABLE_STRICT_OBJC_MSGSEND = YES;
				ENABLE_TESTABILITY = YES;
				ENABLE_USER_SCRIPT_SANDBOXING = YES;
				GCC_C_LANGUAGE_STANDARD = gnu17;
				GCC_DYNAMIC_NO_PIC = NO;
				GCC_NO_COMMON_BLOCKS = YES;
				GCC_OPTIMIZATION_LEVEL = 0;
				GCC_PREPROCESSOR_DEFINITIONS = (
					"DEBUG=1",
					"$(inherited)",
				);
				GCC_WARN_64_TO_32_BIT_CONVERSION = YES;
				GCC_WARN_ABOUT_RETURN_TYPE = YES_ERROR;
				GCC_WARN_UNDECLARED_SELECTOR = YES;
				GCC_WARN_UNINITIALIZED_AUTOS = YES_AGGRESSIVE;
				GCC_WARN_UNUSED_FUNCTION = YES;
				GCC_WARN_UNUSED_VARIABLE = YES;
				IPHONEOS_DEPLOYMENT_TARGET = 17.5;
				LOCALIZATION_PREFERS_STRING_CATALOGS = YES;
				MTL_ENABLE_DEBUG_INFO = INCLUDE_SOURCE;
				MTL_FAST_MATH = YES;
				ONLY_ACTIVE_ARCH = YES;
				SDKROOT = iphoneos;
				SWIFT_ACTIVE_COMPILATION_CONDITIONS = "DEBUG $(inherited)";
				SWIFT_OPTIMIZATION_LEVEL = "-Onone";
			};
			name = Debug;
		};
		4BCFBE772C075E4000290B02 /* Release */ = {
			isa = XCBuildConfiguration;
			buildSettings = {
				ALWAYS_SEARCH_USER_PATHS = NO;
				ASSETCATALOG_COMPILER_GENERATE_SWIFT_ASSET_SYMBOL_EXTENSIONS = YES;
				CLANG_ANALYZER_NONNULL = YES;
				CLANG_ANALYZER_NUMBER_OBJECT_CONVERSION = YES_AGGRESSIVE;
				CLANG_CXX_LANGUAGE_STANDARD = "gnu++20";
				CLANG_ENABLE_MODULES = YES;
				CLANG_ENABLE_OBJC_ARC = YES;
				CLANG_ENABLE_OBJC_WEAK = YES;
				CLANG_WARN_BLOCK_CAPTURE_AUTORELEASING = YES;
				CLANG_WARN_BOOL_CONVERSION = YES;
				CLANG_WARN_COMMA = YES;
				CLANG_WARN_CONSTANT_CONVERSION = YES;
				CLANG_WARN_DEPRECATED_OBJC_IMPLEMENTATIONS = YES;
				CLANG_WARN_DIRECT_OBJC_ISA_USAGE = YES_ERROR;
				CLANG_WARN_DOCUMENTATION_COMMENTS = YES;
				CLANG_WARN_EMPTY_BODY = YES;
				CLANG_WARN_ENUM_CONVERSION = YES;
				CLANG_WARN_INFINITE_RECURSION = YES;
				CLANG_WARN_INT_CONVERSION = YES;
				CLANG_WARN_NON_LITERAL_NULL_CONVERSION = YES;
				CLANG_WARN_OBJC_IMPLICIT_RETAIN_SELF = YES;
				CLANG_WARN_OBJC_LITERAL_CONVERSION = YES;
				CLANG_WARN_OBJC_ROOT_CLASS = YES_ERROR;
				CLANG_WARN_QUOTED_INCLUDE_IN_FRAMEWORK_HEADER = YES;
				CLANG_WARN_RANGE_LOOP_ANALYSIS = YES;
				CLANG_WARN_STRICT_PROTOTYPES = YES;
				CLANG_WARN_SUSPICIOUS_MOVE = YES;
				CLANG_WARN_UNGUARDED_AVAILABILITY = YES_AGGRESSIVE;
				CLANG_WARN_UNREACHABLE_CODE = YES;
				CLANG_WARN__DUPLICATE_METHOD_MATCH = YES;
				COPY_PHASE_STRIP = NO;
				DEBUG_INFORMATION_FORMAT = "dwarf-with-dsym";
				ENABLE_NS_ASSERTIONS = NO;
				ENABLE_STRICT_OBJC_MSGSEND = YES;
				ENABLE_USER_SCRIPT_SANDBOXING = YES;
				GCC_C_LANGUAGE_STANDARD = gnu17;
				GCC_NO_COMMON_BLOCKS = YES;
				GCC_WARN_64_TO_32_BIT_CONVERSION = YES;
				GCC_WARN_ABOUT_RETURN_TYPE = YES_ERROR;
				GCC_WARN_UNDECLARED_SELECTOR = YES;
				GCC_WARN_UNINITIALIZED_AUTOS = YES_AGGRESSIVE;
				GCC_WARN_UNUSED_FUNCTION = YES;
				GCC_WARN_UNUSED_VARIABLE = YES;
				IPHONEOS_DEPLOYMENT_TARGET = 17.5;
				LOCALIZATION_PREFERS_STRING_CATALOGS = YES;
				MTL_ENABLE_DEBUG_INFO = NO;
				MTL_FAST_MATH = YES;
				SDKROOT = iphoneos;
				SWIFT_COMPILATION_MODE = wholemodule;
				VALIDATE_PRODUCT = YES;
			};
			name = Release;
		};
		4BCFBE792C075E4000290B02 /* Debug */ = {
			isa = XCBuildConfiguration;
			buildSettings = {
				ASSETCATALOG_COMPILER_APPICON_NAME = AppIcon;
				ASSETCATALOG_COMPILER_GLOBAL_ACCENT_COLOR_NAME = AccentColor;
				CODE_SIGN_STYLE = Automatic;
				CURRENT_PROJECT_VERSION = 1;
				DEVELOPMENT_ASSET_PATHS = "\"SwiftUIForBeginners/Preview Content\"";
				DEVELOPMENT_TEAM = 694FHN4V7Q;
				ENABLE_PREVIEWS = YES;
				GENERATE_INFOPLIST_FILE = YES;
				INFOPLIST_KEY_UIApplicationSceneManifest_Generation = YES;
				INFOPLIST_KEY_UIApplicationSupportsIndirectInputEvents = YES;
				INFOPLIST_KEY_UILaunchScreen_Generation = YES;
				INFOPLIST_KEY_UISupportedInterfaceOrientations_iPad = "UIInterfaceOrientationPortrait UIInterfaceOrientationPortraitUpsideDown UIInterfaceOrientationLandscapeLeft UIInterfaceOrientationLandscapeRight";
				INFOPLIST_KEY_UISupportedInterfaceOrientations_iPhone = "UIInterfaceOrientationPortrait UIInterfaceOrientationLandscapeLeft UIInterfaceOrientationLandscapeRight";
				LD_RUNPATH_SEARCH_PATHS = (
					"$(inherited)",
					"@executable_path/Frameworks",
				);
				MARKETING_VERSION = 1.0;
				PRODUCT_BUNDLE_IDENTIFIER = com.Ramadan.SwiftUIForBeginners;
				PRODUCT_NAME = "$(TARGET_NAME)";
				SWIFT_EMIT_LOC_STRINGS = YES;
				SWIFT_VERSION = 5.0;
				TARGETED_DEVICE_FAMILY = "1,2";
			};
			name = Debug;
		};
		4BCFBE7A2C075E4000290B02 /* Release */ = {
			isa = XCBuildConfiguration;
			buildSettings = {
				ASSETCATALOG_COMPILER_APPICON_NAME = AppIcon;
				ASSETCATALOG_COMPILER_GLOBAL_ACCENT_COLOR_NAME = AccentColor;
				CODE_SIGN_STYLE = Automatic;
				CURRENT_PROJECT_VERSION = 1;
				DEVELOPMENT_ASSET_PATHS = "\"SwiftUIForBeginners/Preview Content\"";
				DEVELOPMENT_TEAM = 694FHN4V7Q;
				ENABLE_PREVIEWS = YES;
				GENERATE_INFOPLIST_FILE = YES;
				INFOPLIST_KEY_UIApplicationSceneManifest_Generation = YES;
				INFOPLIST_KEY_UIApplicationSupportsIndirectInputEvents = YES;
				INFOPLIST_KEY_UILaunchScreen_Generation = YES;
				INFOPLIST_KEY_UISupportedInterfaceOrientations_iPad = "UIInterfaceOrientationPortrait UIInterfaceOrientationPortraitUpsideDown UIInterfaceOrientationLandscapeLeft UIInterfaceOrientationLandscapeRight";
				INFOPLIST_KEY_UISupportedInterfaceOrientations_iPhone = "UIInterfaceOrientationPortrait UIInterfaceOrientationLandscapeLeft UIInterfaceOrientationLandscapeRight";
				LD_RUNPATH_SEARCH_PATHS = (
					"$(inherited)",
					"@executable_path/Frameworks",
				);
				MARKETING_VERSION = 1.0;
				PRODUCT_BUNDLE_IDENTIFIER = com.Ramadan.SwiftUIForBeginners;
				PRODUCT_NAME = "$(TARGET_NAME)";
				SWIFT_EMIT_LOC_STRINGS = YES;
				SWIFT_VERSION = 5.0;
				TARGETED_DEVICE_FAMILY = "1,2";
			};
			name = Release;
		};
/* End XCBuildConfiguration section */

/* Begin XCConfigurationList section */
		4BCFBE652C075E3B00290B02 /* Build configuration list for PBXProject "SwiftUIForBeginners" */ = {
			isa = XCConfigurationList;
			buildConfigurations = (
				4BCFBE762C075E4000290B02 /* Debug */,
				4BCFBE772C075E4000290B02 /* Release */,
			);
			defaultConfigurationIsVisible = 0;
			defaultConfigurationName = Release;
		};
		4BCFBE782C075E4000290B02 /* Build configuration list for PBXNativeTarget "SwiftUIForBeginners" */ = {
			isa = XCConfigurationList;
			buildConfigurations = (
				4BCFBE792C075E4000290B02 /* Debug */,
				4BCFBE7A2C075E4000290B02 /* Release */,
			);
			defaultConfigurationIsVisible = 0;
			defaultConfigurationName = Release;
		};
/* End XCConfigurationList section */
	};
	rootObject = 4BCFBE622C075E3B00290B02 /* Project object */;
}
